#MicroXplorer Configuration settings - do not modify
Mcu.Family=STM32F3
ProjectManager.MainLocation=Core/Src
PA6.Mode=Full_Duplex_Master
RCC.USART1Freq_Value=8000000
ProjectManager.ProjectFileName=cubemx.ioc
VP_COMP2_VS_VREFINT12.Signal=COMP2_VS_VREFINT12
RCC.CortexFreq_Value=8000000
RCC.ADC12outputFreq_Value=16000000
ADC1.Rank-0\#ChannelRegularConversion=1
PA7.Mode=INP
ProjectManager.KeepUserCode=true
Mcu.UserName=STM32F303K8Tx
PF0\ /\ OSC_IN.Mode=HSE-External-Oscillator
Mcu.PinsNb=17
SPI1.VirtualType=VM_MASTER
ProjectManager.NoMain=false
SPI1.IPParameters=VirtualType,Mode,Direction,CalculateBaudRate
ADC1.IPParameters=Rank-0\#ChannelRegularConversion,Channel-0\#ChannelRegularConversion,SamplingTime-0\#ChannelRegularConversion,OffsetNumber-0\#ChannelRegularConversion,Offset-0\#ChannelRegularConversion,NbrOfConversionFlag,master
ADC1.OffsetNumber-0\#ChannelRegularConversion=ADC_OFFSET_NONE
RCC.PLLCLKFreq_Value=16000000
ProjectManager.functionlistsort=
RCC.RTCFreq_Value=40000
ProjectManager.DefaultFWLocation=true
RCC.HSEPLLFreq_Value=8000000
ProjectManager.DeletePrevious=true
RCC.HSIPLLFreq_Value=4000000
COMP2.InvertingInput=COMP_INVERTINGINPUT_1_2VREFINT
PinOutPanel.RotationAngle=0
RCC.FamilyName=M
ProjectManager.StackSize=0x400
PA13.Signal=SYS_JTMS-SWDIO
Mcu.IP4=SPI1
Mcu.IP5=SYS
Mcu.IP2=NVIC
NVIC.SVCall_IRQn=true\:0\:0\:false\:false\:true\:false\:false
Mcu.IP3=RCC
Mcu.IP0=ADC1
COMP2.IPParameters=InvertingInput
PA11.Locked=true
Mcu.IP1=COMP2
Mcu.UserConstants=
ProjectManager.TargetToolchain=EWARM V8.32
ADC1.Offset-0\#ChannelRegularConversion=0
Mcu.ThirdPartyNb=0
SPI1.Direction=SPI_DIRECTION_2LINES
Mcu.IPNb=6
ProjectManager.PreviousToolchain=
PA9.Signal=GPIO_Input
SPI1.CalculateBaudRate=4.0 MBits/s
Mcu.Pin6=PA7
Mcu.Pin7=PA8
ProjectManager.RegisterCallBack=
Mcu.Pin8=PA9
Mcu.Pin9=PA10
PF1\ /\ OSC_OUT.Signal=RCC_OSC_OUT
RCC.AHBFreq_Value=8000000
RCC.TIM2Freq_Value=8000000
Mcu.Pin0=PF0 / OSC_IN
Mcu.Pin1=PF1 / OSC_OUT
GPIO.groupedBy=
Mcu.Pin2=PA0
Mcu.Pin3=PA3
Mcu.Pin4=PA5
Mcu.Pin5=PA6
PA5.Signal=SPI1_SCK
ADC1.Channel-0\#ChannelRegularConversion=ADC_CHANNEL_1
ProjectManager.ProjectBuild=false
NVIC.UsageFault_IRQn=true\:0\:0\:false\:false\:true\:false\:false
NVIC.DebugMonitor_IRQn=true\:0\:0\:false\:false\:true\:false\:false
PB3.Mode=Trace_Asynchronous_SW
PA8.Locked=true
board=custom
NVIC.SysTick_IRQn=true\:0\:0\:false\:false\:true\:false\:true
ProjectManager.LastFirmware=true
RCC.PLLMUL=RCC_PLL_MUL4
RCC.VCOOutput2Freq_Value=4000000
VP_COMP2_VS_VREFINT12.Mode=VREFINT_12
ProjectManager.FirmwarePackage=STM32Cube FW_F3 V1.11.2
MxDb.Version=DB.6.0.10
RCC.APB2Freq_Value=8000000
ProjectManager.BackupPrevious=false
PF0\ /\ OSC_IN.Signal=RCC_OSC_IN
MxCube.Version=6.1.0
RCC.I2C1Freq_Value=8000000
SPI1.Mode=SPI_MODE_MASTER
PA14.Mode=Trace_Asynchronous_SW
PB5.Mode=Full_Duplex_Master
File.Version=6
PA0.Mode=IN1-Single-Ended
VP_SYS_VS_Systick.Mode=SysTick
PA9.Locked=true
PA8.Signal=GPIO_Input
NVIC.NonMaskableInt_IRQn=true\:0\:0\:false\:false\:true\:false\:false
NVIC.PendSV_IRQn=true\:0\:0\:false\:false\:true\:false\:false
PA13.Mode=Trace_Asynchronous_SW
ProjectManager.FreePins=false
RCC.IPParameters=ADC12outputFreq_Value,AHBFreq_Value,APB1Freq_Value,APB2Freq_Value,CortexFreq_Value,FamilyName,HSEPLLFreq_Value,HSIPLLFreq_Value,HSI_VALUE,I2C1Freq_Value,LSI_VALUE,PLLCLKFreq_Value,PLLMCOFreq_Value,PLLMUL,RTCFreq_Value,RTCHSEDivFreq_Value,SYSCLKFreq_VALUE,TIM2Freq_Value,USART1Freq_Value,VCOOutput2Freq_Value
ProjectManager.AskForMigrate=true
Mcu.Name=STM32F303K(6-8)Tx
ProjectManager.HalAssertFull=false
ADC1.SamplingTime-0\#ChannelRegularConversion=ADC_SAMPLETIME_1CYCLE_5
RCC.RTCHSEDivFreq_Value=250000
ProjectManager.ProjectName=cubemx
ProjectManager.UnderRoot=false
PA0.Signal=ADC1_IN1
RCC.PLLMCOFreq_Value=16000000
ProjectManager.CoupleFile=false
PB3.Signal=SYS_JTDO-TRACESWO
RCC.SYSCLKFreq_VALUE=8000000
Mcu.Package=LQFP32
PB5.Signal=SPI1_MOSI
PA6.Signal=SPI1_MISO
ADC1.master=1
PA3.Locked=true
PA10.Locked=true
NVIC.ForceEnableDMAVector=true
KeepUserPlacement=false
NVIC.MemoryManagement_IRQn=true\:0\:0\:false\:false\:true\:false\:false
ProjectManager.CompilerOptimize=6
ProjectManager.ToolChainLocation=
RCC.LSI_VALUE=40000
VP_SYS_VS_Systick.Signal=SYS_VS_Systick
PA11.Signal=GPIO_Input
PA10.Signal=GPIO_Input
PA14.Signal=SYS_JTCK-SWCLK
ProjectManager.HeapSize=0x200
Mcu.Pin15=VP_COMP2_VS_VREFINT12
NVIC.HardFault_IRQn=true\:0\:0\:false\:false\:true\:false\:false
Mcu.Pin16=VP_SYS_VS_Systick
Mcu.Pin13=PB3
Mcu.Pin14=PB5
ProjectManager.ComputerToolchain=false
RCC.HSI_VALUE=8000000
NVIC.PriorityGroup=NVIC_PRIORITYGROUP_4
ADC1.NbrOfConversionFlag=1
Mcu.Pin11=PA13
Mcu.Pin12=PA14
Mcu.Pin10=PA11
NVIC.BusFault_IRQn=true\:0\:0\:false\:false\:true\:false\:false
RCC.APB1Freq_Value=8000000
ProjectManager.CustomerFirmwarePackage=
ProjectManager.DeviceId=STM32F303K8Tx
ProjectManager.LibraryCopy=0
PF1\ /\ OSC_OUT.Mode=HSE-External-Oscillator
PA3.Signal=GPIO_Output
PA7.Signal=COMP2_INP
PA5.Mode=Full_Duplex_Master
